
Microsoft Visual Studio Solution File, Format Version 12.00
# Visual Studio 2012
Project("{2150E333-8FDC-42A3-9474-1A3956D46DE8}") = "1-Layers", "1-Layers", "{784299A7-5D9F-484B-AF36-BD9570FB84E2}"
EndProject
Project("{2150E333-8FDC-42A3-9474-1A3956D46DE8}") = "1.1-Presentation Layer", "1.1-Presentation Layer", "{CBBDC8DA-2F92-4901-AFFC-625CE12C2647}"
EndProject
Project("{2150E333-8FDC-42A3-9474-1A3956D46DE8}") = "1.2-Distributed Services", "1.2-Distributed Services", "{DA9F643C-89D2-4818-92CE-6112B4F71B80}"
EndProject
Project("{2150E333-8FDC-42A3-9474-1A3956D46DE8}") = "1.3-Application", "1.3-Application", "{DF3107C6-9A84-4A0F-9F04-B325734812E8}"
EndProject
Project("{2150E333-8FDC-42A3-9474-1A3956D46DE8}") = "1.4-Domain", "1.4-Domain", "{31275FC7-0E32-4111-9DE2-D042FB810702}"
EndProject
Project("{2150E333-8FDC-42A3-9474-1A3956D46DE8}") = "1.5-Infraestructure", "1.5-Infraestructure", "{D61F77E6-DBC7-4F10-A3B6-2CE00FD2454E}"
EndProject
Project("{2150E333-8FDC-42A3-9474-1A3956D46DE8}") = "1.5.1-Data", "1.5.1-Data", "{AE9F9734-14CD-4E59-A1A4-DCE80041A16F}"
EndProject
Project("{2150E333-8FDC-42A3-9474-1A3956D46DE8}") = "1.5.2-Cross Cutting", "1.5.2-Cross Cutting", "{D695A2EF-7634-4D6A-911F-220C59E54816}"
EndProject
Project("{2150E333-8FDC-42A3-9474-1A3956D46DE8}") = "1.1.1-Core", "1.1.1-Core", "{038CC495-8FF4-4E72-85A3-3DF9127E0642}"
EndProject
Project("{2150E333-8FDC-42A3-9474-1A3956D46DE8}") = "1.1.2-MainModule", "1.1.2-MainModule", "{5DF84E51-C264-45B1-A9D1-818A941E9F6F}"
EndProject
Project("{2150E333-8FDC-42A3-9474-1A3956D46DE8}") = "1.2.1-Core", "1.2.1-Core", "{67C8F12C-9235-4D8E-8D39-4C038273FA52}"
EndProject
Project("{2150E333-8FDC-42A3-9474-1A3956D46DE8}") = "1.2.2-MainModule", "1.2.2-MainModule", "{9DD02892-B23E-4116-8A67-69C680357E50}"
EndProject
Project("{2150E333-8FDC-42A3-9474-1A3956D46DE8}") = "1.3.1-Core", "1.3.1-Core", "{5273F0B2-C34D-48D4-AE07-339180D1057F}"
EndProject
Project("{2150E333-8FDC-42A3-9474-1A3956D46DE8}") = "1.3.2-MainModule", "1.3.2-MainModule", "{63CCA663-3568-4535-B7DE-5EBB55222E84}"
EndProject
Project("{2150E333-8FDC-42A3-9474-1A3956D46DE8}") = "1.4.1-Core", "1.4.1-Core", "{B85B2D3A-F1FD-481F-AF95-3FF99FC6DCD2}"
EndProject
Project("{2150E333-8FDC-42A3-9474-1A3956D46DE8}") = "1.4.2-MainModule", "1.4.2-MainModule", "{EC2E4B7F-A5EE-4F3F-98AA-6DF0D57AC55A}"
EndProject
Project("{2150E333-8FDC-42A3-9474-1A3956D46DE8}") = "1.5.1.1-Core", "1.5.1.1-Core", "{BA63FDF9-2F0A-4619-9723-B6A8246EE266}"
EndProject
Project("{2150E333-8FDC-42A3-9474-1A3956D46DE8}") = "1.5.1.2-Main Module", "1.5.1.2-Main Module", "{BFC471D3-7469-4EFB-B078-5F40331CAE1B}"
EndProject
Project("{2150E333-8FDC-42A3-9474-1A3956D46DE8}") = "1.5.3-Service Agent", "1.5.3-Service Agent", "{4DC88F74-73C6-4F9E-AFB8-4E72C9136446}"
EndProject
Project("{FAE04EC0-301F-11D3-BF4B-00C04F79EFBC}") = "Domain.MainModule", "Domain.MainModule\Domain.MainModule.csproj", "{73CE8D4C-7A7C-4A6C-A2A2-0232AB215A23}"
EndProject
Project("{FAE04EC0-301F-11D3-BF4B-00C04F79EFBC}") = "Infraestructure.CrossCutting", "Infraestructure.CrossCutting\Infraestructure.CrossCutting.csproj", "{8AD07FE9-8934-4420-873F-B4E58F5E5495}"
EndProject
Project("{FAE04EC0-301F-11D3-BF4B-00C04F79EFBC}") = "Infraestructure.Data.ServiceAgent", "Infraestructure.Data.ServiceAgent\Infraestructure.Data.ServiceAgent.csproj", "{F43CFC28-1B88-41CF-9192-F17BBB78E30E}"
EndProject
Project("{FAE04EC0-301F-11D3-BF4B-00C04F79EFBC}") = "PresentationLayer.MainModule", "PresentationLayer.MainModule\PresentationLayer.MainModule.csproj", "{7ACBA865-3D77-45B1-ACB5-DCD6271D4E91}"
EndProject
Project("{FAE04EC0-301F-11D3-BF4B-00C04F79EFBC}") = "Infraestructure.Data.MainModule", "Infraestructure.Data.MainModule\Infraestructure.Data.MainModule.csproj", "{327C7B45-5BBD-4211-A5E4-F5912EF21F96}"
EndProject
Project("{FAE04EC0-301F-11D3-BF4B-00C04F79EFBC}") = "Infraestructure.Data.MainModule.Test", "Infraestructure.Data.MainModule.Test\Infraestructure.Data.MainModule.Test.csproj", "{CFBC1796-B01E-4890-8EEC-7EEA3F27A54D}"
EndProject
Project("{2150E333-8FDC-42A3-9474-1A3956D46DE8}") = "Solution Items", "Solution Items", "{317B27D6-6644-4499-A915-54B20C976810}"
	ProjectSection(SolutionItems) = preProject
		Local.testsettings = Local.testsettings
		TraceAndTestImpact.testsettings = TraceAndTestImpact.testsettings
	EndProjectSection
EndProject
Project("{FAE04EC0-301F-11D3-BF4B-00C04F79EFBC}") = "PresentationLayer.MainModule.Test", "PresentationLayer.MainModule.Test\PresentationLayer.MainModule.Test.csproj", "{23C14142-5F16-4F5B-8284-887A7086D1FF}"
EndProject
Project("{FAE04EC0-301F-11D3-BF4B-00C04F79EFBC}") = "DistributedServices.MainModule", "DistributedServices.MainModule\DistributedServices.MainModule.csproj", "{9B8E8B00-54AE-4FB5-9443-82C6E67D6F94}"
EndProject
Global
	GlobalSection(SolutionConfigurationPlatforms) = preSolution
		Debug|Any CPU = Debug|Any CPU
		Debug|Mixed Platforms = Debug|Mixed Platforms
		Debug|x86 = Debug|x86
		Release|Any CPU = Release|Any CPU
		Release|Mixed Platforms = Release|Mixed Platforms
		Release|x86 = Release|x86
	EndGlobalSection
	GlobalSection(ProjectConfigurationPlatforms) = postSolution
		{73CE8D4C-7A7C-4A6C-A2A2-0232AB215A23}.Debug|Any CPU.ActiveCfg = Debug|Any CPU
		{73CE8D4C-7A7C-4A6C-A2A2-0232AB215A23}.Debug|Any CPU.Build.0 = Debug|Any CPU
		{73CE8D4C-7A7C-4A6C-A2A2-0232AB215A23}.Debug|Mixed Platforms.ActiveCfg = Debug|Any CPU
		{73CE8D4C-7A7C-4A6C-A2A2-0232AB215A23}.Debug|Mixed Platforms.Build.0 = Debug|Any CPU
		{73CE8D4C-7A7C-4A6C-A2A2-0232AB215A23}.Debug|x86.ActiveCfg = Debug|Any CPU
		{73CE8D4C-7A7C-4A6C-A2A2-0232AB215A23}.Release|Any CPU.ActiveCfg = Release|Any CPU
		{73CE8D4C-7A7C-4A6C-A2A2-0232AB215A23}.Release|Any CPU.Build.0 = Release|Any CPU
		{73CE8D4C-7A7C-4A6C-A2A2-0232AB215A23}.Release|Mixed Platforms.ActiveCfg = Release|Any CPU
		{73CE8D4C-7A7C-4A6C-A2A2-0232AB215A23}.Release|Mixed Platforms.Build.0 = Release|Any CPU
		{73CE8D4C-7A7C-4A6C-A2A2-0232AB215A23}.Release|x86.ActiveCfg = Release|Any CPU
		{8AD07FE9-8934-4420-873F-B4E58F5E5495}.Debug|Any CPU.ActiveCfg = Debug|Any CPU
		{8AD07FE9-8934-4420-873F-B4E58F5E5495}.Debug|Any CPU.Build.0 = Debug|Any CPU
		{8AD07FE9-8934-4420-873F-B4E58F5E5495}.Debug|Mixed Platforms.ActiveCfg = Debug|Any CPU
		{8AD07FE9-8934-4420-873F-B4E58F5E5495}.Debug|Mixed Platforms.Build.0 = Debug|Any CPU
		{8AD07FE9-8934-4420-873F-B4E58F5E5495}.Debug|x86.ActiveCfg = Debug|Any CPU
		{8AD07FE9-8934-4420-873F-B4E58F5E5495}.Release|Any CPU.ActiveCfg = Release|Any CPU
		{8AD07FE9-8934-4420-873F-B4E58F5E5495}.Release|Any CPU.Build.0 = Release|Any CPU
		{8AD07FE9-8934-4420-873F-B4E58F5E5495}.Release|Mixed Platforms.ActiveCfg = Release|Any CPU
		{8AD07FE9-8934-4420-873F-B4E58F5E5495}.Release|Mixed Platforms.Build.0 = Release|Any CPU
		{8AD07FE9-8934-4420-873F-B4E58F5E5495}.Release|x86.ActiveCfg = Release|Any CPU
		{F43CFC28-1B88-41CF-9192-F17BBB78E30E}.Debug|Any CPU.ActiveCfg = Debug|Any CPU
		{F43CFC28-1B88-41CF-9192-F17BBB78E30E}.Debug|Any CPU.Build.0 = Debug|Any CPU
		{F43CFC28-1B88-41CF-9192-F17BBB78E30E}.Debug|Mixed Platforms.ActiveCfg = Debug|Any CPU
		{F43CFC28-1B88-41CF-9192-F17BBB78E30E}.Debug|Mixed Platforms.Build.0 = Debug|Any CPU
		{F43CFC28-1B88-41CF-9192-F17BBB78E30E}.Debug|x86.ActiveCfg = Debug|Any CPU
		{F43CFC28-1B88-41CF-9192-F17BBB78E30E}.Release|Any CPU.ActiveCfg = Release|Any CPU
		{F43CFC28-1B88-41CF-9192-F17BBB78E30E}.Release|Any CPU.Build.0 = Release|Any CPU
		{F43CFC28-1B88-41CF-9192-F17BBB78E30E}.Release|Mixed Platforms.ActiveCfg = Release|Any CPU
		{F43CFC28-1B88-41CF-9192-F17BBB78E30E}.Release|Mixed Platforms.Build.0 = Release|Any CPU
		{F43CFC28-1B88-41CF-9192-F17BBB78E30E}.Release|x86.ActiveCfg = Release|Any CPU
		{7ACBA865-3D77-45B1-ACB5-DCD6271D4E91}.Debug|Any CPU.ActiveCfg = Debug|x86
		{7ACBA865-3D77-45B1-ACB5-DCD6271D4E91}.Debug|Mixed Platforms.ActiveCfg = Debug|x86
		{7ACBA865-3D77-45B1-ACB5-DCD6271D4E91}.Debug|Mixed Platforms.Build.0 = Debug|x86
		{7ACBA865-3D77-45B1-ACB5-DCD6271D4E91}.Debug|x86.ActiveCfg = Debug|x86
		{7ACBA865-3D77-45B1-ACB5-DCD6271D4E91}.Debug|x86.Build.0 = Debug|x86
		{7ACBA865-3D77-45B1-ACB5-DCD6271D4E91}.Release|Any CPU.ActiveCfg = Release|x86
		{7ACBA865-3D77-45B1-ACB5-DCD6271D4E91}.Release|Mixed Platforms.ActiveCfg = Release|x86
		{7ACBA865-3D77-45B1-ACB5-DCD6271D4E91}.Release|Mixed Platforms.Build.0 = Release|x86
		{7ACBA865-3D77-45B1-ACB5-DCD6271D4E91}.Release|x86.ActiveCfg = Release|x86
		{7ACBA865-3D77-45B1-ACB5-DCD6271D4E91}.Release|x86.Build.0 = Release|x86
		{327C7B45-5BBD-4211-A5E4-F5912EF21F96}.Debug|Any CPU.ActiveCfg = Debug|Any CPU
		{327C7B45-5BBD-4211-A5E4-F5912EF21F96}.Debug|Any CPU.Build.0 = Debug|Any CPU
		{327C7B45-5BBD-4211-A5E4-F5912EF21F96}.Debug|Mixed Platforms.ActiveCfg = Debug|Any CPU
		{327C7B45-5BBD-4211-A5E4-F5912EF21F96}.Debug|Mixed Platforms.Build.0 = Debug|Any CPU
		{327C7B45-5BBD-4211-A5E4-F5912EF21F96}.Debug|x86.ActiveCfg = Debug|Any CPU
		{327C7B45-5BBD-4211-A5E4-F5912EF21F96}.Release|Any CPU.ActiveCfg = Release|Any CPU
		{327C7B45-5BBD-4211-A5E4-F5912EF21F96}.Release|Any CPU.Build.0 = Release|Any CPU
		{327C7B45-5BBD-4211-A5E4-F5912EF21F96}.Release|Mixed Platforms.ActiveCfg = Release|Any CPU
		{327C7B45-5BBD-4211-A5E4-F5912EF21F96}.Release|Mixed Platforms.Build.0 = Release|Any CPU
		{327C7B45-5BBD-4211-A5E4-F5912EF21F96}.Release|x86.ActiveCfg = Release|Any CPU
		{CFBC1796-B01E-4890-8EEC-7EEA3F27A54D}.Debug|Any CPU.ActiveCfg = Debug|Any CPU
		{CFBC1796-B01E-4890-8EEC-7EEA3F27A54D}.Debug|Any CPU.Build.0 = Debug|Any CPU
		{CFBC1796-B01E-4890-8EEC-7EEA3F27A54D}.Debug|Mixed Platforms.ActiveCfg = Debug|Any CPU
		{CFBC1796-B01E-4890-8EEC-7EEA3F27A54D}.Debug|Mixed Platforms.Build.0 = Debug|Any CPU
		{CFBC1796-B01E-4890-8EEC-7EEA3F27A54D}.Debug|x86.ActiveCfg = Debug|Any CPU
		{CFBC1796-B01E-4890-8EEC-7EEA3F27A54D}.Release|Any CPU.ActiveCfg = Release|Any CPU
		{CFBC1796-B01E-4890-8EEC-7EEA3F27A54D}.Release|Any CPU.Build.0 = Release|Any CPU
		{CFBC1796-B01E-4890-8EEC-7EEA3F27A54D}.Release|Mixed Platforms.ActiveCfg = Release|Any CPU
		{CFBC1796-B01E-4890-8EEC-7EEA3F27A54D}.Release|Mixed Platforms.Build.0 = Release|Any CPU
		{CFBC1796-B01E-4890-8EEC-7EEA3F27A54D}.Release|x86.ActiveCfg = Release|Any CPU
		{23C14142-5F16-4F5B-8284-887A7086D1FF}.Debug|Any CPU.ActiveCfg = Debug|Any CPU
		{23C14142-5F16-4F5B-8284-887A7086D1FF}.Debug|Any CPU.Build.0 = Debug|Any CPU
		{23C14142-5F16-4F5B-8284-887A7086D1FF}.Debug|Mixed Platforms.ActiveCfg = Debug|Any CPU
		{23C14142-5F16-4F5B-8284-887A7086D1FF}.Debug|Mixed Platforms.Build.0 = Debug|Any CPU
		{23C14142-5F16-4F5B-8284-887A7086D1FF}.Debug|x86.ActiveCfg = Debug|Any CPU
		{23C14142-5F16-4F5B-8284-887A7086D1FF}.Release|Any CPU.ActiveCfg = Release|Any CPU
		{23C14142-5F16-4F5B-8284-887A7086D1FF}.Release|Any CPU.Build.0 = Release|Any CPU
		{23C14142-5F16-4F5B-8284-887A7086D1FF}.Release|Mixed Platforms.ActiveCfg = Release|Any CPU
		{23C14142-5F16-4F5B-8284-887A7086D1FF}.Release|Mixed Platforms.Build.0 = Release|Any CPU
		{23C14142-5F16-4F5B-8284-887A7086D1FF}.Release|x86.ActiveCfg = Release|Any CPU
		{9B8E8B00-54AE-4FB5-9443-82C6E67D6F94}.Debug|Any CPU.ActiveCfg = Debug|Any CPU
		{9B8E8B00-54AE-4FB5-9443-82C6E67D6F94}.Debug|Any CPU.Build.0 = Debug|Any CPU
		{9B8E8B00-54AE-4FB5-9443-82C6E67D6F94}.Debug|Mixed Platforms.ActiveCfg = Debug|Any CPU
		{9B8E8B00-54AE-4FB5-9443-82C6E67D6F94}.Debug|Mixed Platforms.Build.0 = Debug|Any CPU
		{9B8E8B00-54AE-4FB5-9443-82C6E67D6F94}.Debug|x86.ActiveCfg = Debug|Any CPU
		{9B8E8B00-54AE-4FB5-9443-82C6E67D6F94}.Release|Any CPU.ActiveCfg = Release|Any CPU
		{9B8E8B00-54AE-4FB5-9443-82C6E67D6F94}.Release|Any CPU.Build.0 = Release|Any CPU
		{9B8E8B00-54AE-4FB5-9443-82C6E67D6F94}.Release|Mixed Platforms.ActiveCfg = Release|Any CPU
		{9B8E8B00-54AE-4FB5-9443-82C6E67D6F94}.Release|Mixed Platforms.Build.0 = Release|Any CPU
		{9B8E8B00-54AE-4FB5-9443-82C6E67D6F94}.Release|x86.ActiveCfg = Release|Any CPU
	EndGlobalSection
	GlobalSection(SolutionProperties) = preSolution
		HideSolutionNode = FALSE
	EndGlobalSection
	GlobalSection(NestedProjects) = preSolution
		{CBBDC8DA-2F92-4901-AFFC-625CE12C2647} = {784299A7-5D9F-484B-AF36-BD9570FB84E2}
		{DA9F643C-89D2-4818-92CE-6112B4F71B80} = {784299A7-5D9F-484B-AF36-BD9570FB84E2}
		{DF3107C6-9A84-4A0F-9F04-B325734812E8} = {784299A7-5D9F-484B-AF36-BD9570FB84E2}
		{31275FC7-0E32-4111-9DE2-D042FB810702} = {784299A7-5D9F-484B-AF36-BD9570FB84E2}
		{D61F77E6-DBC7-4F10-A3B6-2CE00FD2454E} = {784299A7-5D9F-484B-AF36-BD9570FB84E2}
		{038CC495-8FF4-4E72-85A3-3DF9127E0642} = {CBBDC8DA-2F92-4901-AFFC-625CE12C2647}
		{5DF84E51-C264-45B1-A9D1-818A941E9F6F} = {CBBDC8DA-2F92-4901-AFFC-625CE12C2647}
		{67C8F12C-9235-4D8E-8D39-4C038273FA52} = {DA9F643C-89D2-4818-92CE-6112B4F71B80}
		{9DD02892-B23E-4116-8A67-69C680357E50} = {DA9F643C-89D2-4818-92CE-6112B4F71B80}
		{5273F0B2-C34D-48D4-AE07-339180D1057F} = {DF3107C6-9A84-4A0F-9F04-B325734812E8}
		{63CCA663-3568-4535-B7DE-5EBB55222E84} = {DF3107C6-9A84-4A0F-9F04-B325734812E8}
		{B85B2D3A-F1FD-481F-AF95-3FF99FC6DCD2} = {31275FC7-0E32-4111-9DE2-D042FB810702}
		{EC2E4B7F-A5EE-4F3F-98AA-6DF0D57AC55A} = {31275FC7-0E32-4111-9DE2-D042FB810702}
		{AE9F9734-14CD-4E59-A1A4-DCE80041A16F} = {D61F77E6-DBC7-4F10-A3B6-2CE00FD2454E}
		{D695A2EF-7634-4D6A-911F-220C59E54816} = {D61F77E6-DBC7-4F10-A3B6-2CE00FD2454E}
		{BA63FDF9-2F0A-4619-9723-B6A8246EE266} = {AE9F9734-14CD-4E59-A1A4-DCE80041A16F}
		{BFC471D3-7469-4EFB-B078-5F40331CAE1B} = {AE9F9734-14CD-4E59-A1A4-DCE80041A16F}
		{4DC88F74-73C6-4F9E-AFB8-4E72C9136446} = {AE9F9734-14CD-4E59-A1A4-DCE80041A16F}
		{8AD07FE9-8934-4420-873F-B4E58F5E5495} = {D695A2EF-7634-4D6A-911F-220C59E54816}
		{7ACBA865-3D77-45B1-ACB5-DCD6271D4E91} = {5DF84E51-C264-45B1-A9D1-818A941E9F6F}
		{23C14142-5F16-4F5B-8284-887A7086D1FF} = {5DF84E51-C264-45B1-A9D1-818A941E9F6F}
		{9B8E8B00-54AE-4FB5-9443-82C6E67D6F94} = {9DD02892-B23E-4116-8A67-69C680357E50}
		{73CE8D4C-7A7C-4A6C-A2A2-0232AB215A23} = {EC2E4B7F-A5EE-4F3F-98AA-6DF0D57AC55A}
		{327C7B45-5BBD-4211-A5E4-F5912EF21F96} = {BFC471D3-7469-4EFB-B078-5F40331CAE1B}
		{CFBC1796-B01E-4890-8EEC-7EEA3F27A54D} = {BFC471D3-7469-4EFB-B078-5F40331CAE1B}
		{317B27D6-6644-4499-A915-54B20C976810} = {BFC471D3-7469-4EFB-B078-5F40331CAE1B}
		{F43CFC28-1B88-41CF-9192-F17BBB78E30E} = {4DC88F74-73C6-4F9E-AFB8-4E72C9136446}
	EndGlobalSection
EndGlobal
